Microsoft Visual Studio Solution File, Format Version 12.00
# Visual Studio Version 17
VisualStudioVersion = 17.5.2.0
MinimumVisualStudioVersion = 10.0.40219.1
Project("{FAE04EC0-301F-11D3-BF4B-00C04F79EFBC}") = "Portfolio.Api", "Portfolio.Api\Portfolio.Api.csproj", "{DDF8E897-9209-9E5A-82C6-7783AD9B9722}"
EndProject
Global
	GlobalSection(SolutionConfigurationPlatforms) = preSolution
		Debug|Any CPU = Debug|Any CPU
		Release|Any CPU = Release|Any CPU
	EndGlobalSection
	GlobalSection(ProjectConfigurationPlatforms) = postSolution
		{DDF8E897-9209-9E5A-82C6-7783AD9B9722}.Debug|Any CPU.ActiveCfg = Debug|Any CPU
		{DDF8E897-9209-9E5A-82C6-7783AD9B9722}.Debug|Any CPU.Build.0 = Debug|Any CPU
		{DDF8E897-9209-9E5A-82C6-7783AD9B9722}.Release|Any CPU.ActiveCfg = Release|Any CPU
		{DDF8E897-9209-9E5A-82C6-7783AD9B9722}.Release|Any CPU.Build.0 = Release|Any CPU
	EndGlobalSection
	GlobalSection(SolutionProperties) = preSolution
		HideSolutionNode = FALSE
	EndGlobalSection
	GlobalSection(ExtensibilityGlobals) = postSolution
		SolutionGuid = {3F14550E-4C8D-4ABA-9445-30A9479F5A86}
	EndGlobalSection
EndGlobal
